{
  "name": "@cl/exec",
  "version": "0.0.0",
  "lockfileVersion": 2,
  "requires": true,
  "packages": {
    "": {
      "name": "@cl/exec",
      "version": "0.0.0",
      "license": "ISC",
      "devDependencies": {
        "@cl/log": "file:../../log",
        "@cl/package": "file:../../models/package"
      }
    },
    "../../log": {
      "version": "1.0.0",
      "dev": true,
      "license": "ISC",
      "dependencies": {
        "npmlog": "^6.0.1"
      }
    },
    "../../models/package": {
      "name": "@cl/package",
      "version": "1.0.0",
      "dev": true,
      "license": "ISC"
    },
    "node_modules/@cl/log": {
      "resolved": "../../log",
      "link": true
    },
    "node_modules/@cl/package": {
      "resolved": "../../models/package",
      "link": true
    }
  },
  "dependencies": {
    "@cl/log": {
      "version": "file:../../log",
      "requires": {
        "npmlog": "^6.0.1"
      }
    },
    "@cl/package": {
      "version": "file:../../models/package"
    }
  }
}
